// !$*UTF8*$!
{
	archiveVersion = 1;
	classes = {
	};
	objectVersion = 55;
	objects = {

/* Begin PBXBuildFile section */
		78999B06279866B00062AACE /* AppDelegate.swift in Sources */ = {isa = PBXBuildFile; fileRef = 78999B05279866B00062AACE /* AppDelegate.swift */; };
		78999B08279866B00062AACE /* SceneDelegate.swift in Sources */ = {isa = PBXBuildFile; fileRef = 78999B07279866B00062AACE /* SceneDelegate.swift */; };
		78999B0A279866B00062AACE /* ViewController.swift in Sources */ = {isa = PBXBuildFile; fileRef = 78999B09279866B00062AACE /* ViewController.swift */; };
		78999B0D279866B00062AACE /* Main.storyboard in Resources */ = {isa = PBXBuildFile; fileRef = 78999B0B279866B00062AACE /* Main.storyboard */; };
		78999B0F279866B50062AACE /* Assets.xcassets in Resources */ = {isa = PBXBuildFile; fileRef = 78999B0E279866B50062AACE /* Assets.xcassets */; };
		78999B12279866B50062AACE /* LaunchScreen.storyboard in Resources */ = {isa = PBXBuildFile; fileRef = 78999B10279866B50062AACE /* LaunchScreen.storyboard */; };
		78999B1D279866B60062AACE /* UnsplashFetcherTests.swift in Sources */ = {isa = PBXBuildFile; fileRef = 78999B1C279866B60062AACE /* UnsplashFetcherTests.swift */; };
		78999B27279866B60062AACE /* UnsplashAppUITests.swift in Sources */ = {isa = PBXBuildFile; fileRef = 78999B26279866B60062AACE /* UnsplashAppUITests.swift */; };
		78999B29279866B60062AACE /* UnsplashAppUITestsLaunchTests.swift in Sources */ = {isa = PBXBuildFile; fileRef = 78999B28279866B60062AACE /* UnsplashAppUITestsLaunchTests.swift */; };
		78999B37279869A10062AACE /* UnsplashFetcher.swift in Sources */ = {isa = PBXBuildFile; fileRef = 78999B36279869A10062AACE /* UnsplashFetcher.swift */; };
		78999B392798E0680062AACE /* PhotosViewModel.swift in Sources */ = {isa = PBXBuildFile; fileRef = 78999B382798E0680062AACE /* PhotosViewModel.swift */; };
		78999B3D2799D9B20062AACE /* PhotosViewModelTests.swift in Sources */ = {isa = PBXBuildFile; fileRef = 78999B3C2799D9B20062AACE /* PhotosViewModelTests.swift */; };
		78999B3F2799E0690062AACE /* FakeJSONLoader.swift in Sources */ = {isa = PBXBuildFile; fileRef = 78999B3E2799E0690062AACE /* FakeJSONLoader.swift */; };
		78999B432799E1130062AACE /* FakePhotosData.json in Resources */ = {isa = PBXBuildFile; fileRef = 78999B422799E1130062AACE /* FakePhotosData.json */; };
		78999B472799EB160062AACE /* FakeNetworkService.swift in Sources */ = {isa = PBXBuildFile; fileRef = 78999B462799EB160062AACE /* FakeNetworkService.swift */; };
		78999B4A2799EB2D0062AACE /* Network.swift in Sources */ = {isa = PBXBuildFile; fileRef = 78999B492799EB2D0062AACE /* Network.swift */; };
		78999B4C2799EB460062AACE /* NetworkError.swift in Sources */ = {isa = PBXBuildFile; fileRef = 78999B4B2799EB460062AACE /* NetworkError.swift */; };
		78999B4E2799EB610062AACE /* DataConvertable.swift in Sources */ = {isa = PBXBuildFile; fileRef = 78999B4D2799EB610062AACE /* DataConvertable.swift */; };
		78999B502799EED20062AACE /* FakeURLProtocol.swift in Sources */ = {isa = PBXBuildFile; fileRef = 78999B4F2799EED20062AACE /* FakeURLProtocol.swift */; };
		78999B522799EFCA0062AACE /* FakeFailureData.json in Resources */ = {isa = PBXBuildFile; fileRef = 78999B512799EFCA0062AACE /* FakeFailureData.json */; };
/* End PBXBuildFile section */

/* Begin PBXContainerItemProxy section */
		78999B19279866B60062AACE /* PBXContainerItemProxy */ = {
			isa = PBXContainerItemProxy;
			containerPortal = 78999AFA279866B00062AACE /* Project object */;
			proxyType = 1;
			remoteGlobalIDString = 78999B01279866B00062AACE;
			remoteInfo = UnsplashApp;
		};
		78999B23279866B60062AACE /* PBXContainerItemProxy */ = {
			isa = PBXContainerItemProxy;
			containerPortal = 78999AFA279866B00062AACE /* Project object */;
			proxyType = 1;
			remoteGlobalIDString = 78999B01279866B00062AACE;
			remoteInfo = UnsplashApp;
		};
/* End PBXContainerItemProxy section */

/* Begin PBXFileReference section */
		78999B02279866B00062AACE /* UnsplashApp.app */ = {isa = PBXFileReference; explicitFileType = wrapper.application; includeInIndex = 0; path = UnsplashApp.app; sourceTree = BUILT_PRODUCTS_DIR; };
		78999B05279866B00062AACE /* AppDelegate.swift */ = {isa = PBXFileReference; lastKnownFileType = sourcecode.swift; path = AppDelegate.swift; sourceTree = "<group>"; };
		78999B07279866B00062AACE /* SceneDelegate.swift */ = {isa = PBXFileReference; lastKnownFileType = sourcecode.swift; path = SceneDelegate.swift; sourceTree = "<group>"; };
		78999B09279866B00062AACE /* ViewController.swift */ = {isa = PBXFileReference; lastKnownFileType = sourcecode.swift; path = ViewController.swift; sourceTree = "<group>"; };
		78999B0C279866B00062AACE /* Base */ = {isa = PBXFileReference; lastKnownFileType = file.storyboard; name = Base; path = Base.lproj/Main.storyboard; sourceTree = "<group>"; };
		78999B0E279866B50062AACE /* Assets.xcassets */ = {isa = PBXFileReference; lastKnownFileType = folder.assetcatalog; path = Assets.xcassets; sourceTree = "<group>"; };
		78999B11279866B50062AACE /* Base */ = {isa = PBXFileReference; lastKnownFileType = file.storyboard; name = Base; path = Base.lproj/LaunchScreen.storyboard; sourceTree = "<group>"; };
		78999B13279866B50062AACE /* Info.plist */ = {isa = PBXFileReference; lastKnownFileType = text.plist.xml; path = Info.plist; sourceTree = "<group>"; };
		78999B18279866B60062AACE /* UnsplashAppTests.xctest */ = {isa = PBXFileReference; explicitFileType = wrapper.cfbundle; includeInIndex = 0; path = UnsplashAppTests.xctest; sourceTree = BUILT_PRODUCTS_DIR; };
		78999B1C279866B60062AACE /* UnsplashFetcherTests.swift */ = {isa = PBXFileReference; lastKnownFileType = sourcecode.swift; path = UnsplashFetcherTests.swift; sourceTree = "<group>"; };
		78999B22279866B60062AACE /* UnsplashAppUITests.xctest */ = {isa = PBXFileReference; explicitFileType = wrapper.cfbundle; includeInIndex = 0; path = UnsplashAppUITests.xctest; sourceTree = BUILT_PRODUCTS_DIR; };
		78999B26279866B60062AACE /* UnsplashAppUITests.swift */ = {isa = PBXFileReference; lastKnownFileType = sourcecode.swift; path = UnsplashAppUITests.swift; sourceTree = "<group>"; };
		78999B28279866B60062AACE /* UnsplashAppUITestsLaunchTests.swift */ = {isa = PBXFileReference; lastKnownFileType = sourcecode.swift; path = UnsplashAppUITestsLaunchTests.swift; sourceTree = "<group>"; };
		78999B36279869A10062AACE /* UnsplashFetcher.swift */ = {isa = PBXFileReference; lastKnownFileType = sourcecode.swift; path = UnsplashFetcher.swift; sourceTree = "<group>"; };
		78999B382798E0680062AACE /* PhotosViewModel.swift */ = {isa = PBXFileReference; lastKnownFileType = sourcecode.swift; path = PhotosViewModel.swift; sourceTree = "<group>"; };
		78999B3C2799D9B20062AACE /* PhotosViewModelTests.swift */ = {isa = PBXFileReference; lastKnownFileType = sourcecode.swift; path = PhotosViewModelTests.swift; sourceTree = "<group>"; };
		78999B3E2799E0690062AACE /* FakeJSONLoader.swift */ = {isa = PBXFileReference; lastKnownFileType = sourcecode.swift; path = FakeJSONLoader.swift; sourceTree = "<group>"; };
		78999B422799E1130062AACE /* FakePhotosData.json */ = {isa = PBXFileReference; lastKnownFileType = text.json; path = FakePhotosData.json; sourceTree = "<group>"; };
		78999B462799EB160062AACE /* FakeNetworkService.swift */ = {isa = PBXFileReference; lastKnownFileType = sourcecode.swift; path = FakeNetworkService.swift; sourceTree = "<group>"; };
		78999B492799EB2D0062AACE /* Network.swift */ = {isa = PBXFileReference; lastKnownFileType = sourcecode.swift; path = Network.swift; sourceTree = "<group>"; };
		78999B4B2799EB460062AACE /* NetworkError.swift */ = {isa = PBXFileReference; lastKnownFileType = sourcecode.swift; path = NetworkError.swift; sourceTree = "<group>"; };
		78999B4D2799EB610062AACE /* DataConvertable.swift */ = {isa = PBXFileReference; lastKnownFileType = sourcecode.swift; path = DataConvertable.swift; sourceTree = "<group>"; };
		78999B4F2799EED20062AACE /* FakeURLProtocol.swift */ = {isa = PBXFileReference; lastKnownFileType = sourcecode.swift; path = FakeURLProtocol.swift; sourceTree = "<group>"; };
		78999B512799EFCA0062AACE /* FakeFailureData.json */ = {isa = PBXFileReference; lastKnownFileType = text.json; path = FakeFailureData.json; sourceTree = "<group>"; };
/* End PBXFileReference section */

/* Begin PBXFrameworksBuildPhase section */
		78999AFF279866B00062AACE /* Frameworks */ = {
			isa = PBXFrameworksBuildPhase;
			buildActionMask = 2147483647;
			files = (
			);
			runOnlyForDeploymentPostprocessing = 0;
		};
		78999B15279866B60062AACE /* Frameworks */ = {
			isa = PBXFrameworksBuildPhase;
			buildActionMask = 2147483647;
			files = (
			);
			runOnlyForDeploymentPostprocessing = 0;
		};
		78999B1F279866B60062AACE /* Frameworks */ = {
			isa = PBXFrameworksBuildPhase;
			buildActionMask = 2147483647;
			files = (
			);
			runOnlyForDeploymentPostprocessing = 0;
		};
/* End PBXFrameworksBuildPhase section */

/* Begin PBXGroup section */
		78999AF9279866B00062AACE = {
			isa = PBXGroup;
			children = (
				78999B04279866B00062AACE /* UnsplashApp */,
				78999B1B279866B60062AACE /* UnsplashAppTests */,
				78999B25279866B60062AACE /* UnsplashAppUITests */,
				78999B03279866B00062AACE /* Products */,
			);
			sourceTree = "<group>";
		};
		78999B03279866B00062AACE /* Products */ = {
			isa = PBXGroup;
			children = (
				78999B02279866B00062AACE /* UnsplashApp.app */,
				78999B18279866B60062AACE /* UnsplashAppTests.xctest */,
				78999B22279866B60062AACE /* UnsplashAppUITests.xctest */,
			);
			name = Products;
			sourceTree = "<group>";
		};
		78999B04279866B00062AACE /* UnsplashApp */ = {
			isa = PBXGroup;
			children = (
				78999B482799EB260062AACE /* Network */,
				78999B35279869820062AACE /* Photos */,
				78999B05279866B00062AACE /* AppDelegate.swift */,
				78999B07279866B00062AACE /* SceneDelegate.swift */,
				78999B0B279866B00062AACE /* Main.storyboard */,
				78999B0E279866B50062AACE /* Assets.xcassets */,
				78999B10279866B50062AACE /* LaunchScreen.storyboard */,
				78999B13279866B50062AACE /* Info.plist */,
			);
			path = UnsplashApp;
			sourceTree = "<group>";
		};
		78999B1B279866B60062AACE /* UnsplashAppTests */ = {
			isa = PBXGroup;
			children = (
				78999B452799EAD40062AACE /* Network */,
				78999B442799E96D0062AACE /* Photos */,
				78999B412799E0E40062AACE /* FakeData */,
				78999B402799E0DB0062AACE /* Fakes */,
			);
			path = UnsplashAppTests;
			sourceTree = "<group>";
		};
		78999B25279866B60062AACE /* UnsplashAppUITests */ = {
			isa = PBXGroup;
			children = (
				78999B26279866B60062AACE /* UnsplashAppUITests.swift */,
				78999B28279866B60062AACE /* UnsplashAppUITestsLaunchTests.swift */,
			);
			path = UnsplashAppUITests;
			sourceTree = "<group>";
		};
		78999B35279869820062AACE /* Photos */ = {
			isa = PBXGroup;
			children = (
				78999B382798E0680062AACE /* PhotosViewModel.swift */,
				78999B36279869A10062AACE /* UnsplashFetcher.swift */,
				78999B09279866B00062AACE /* ViewController.swift */,
			);
			path = Photos;
			sourceTree = "<group>";
		};
		78999B402799E0DB0062AACE /* Fakes */ = {
			isa = PBXGroup;
			children = (
				78999B3E2799E0690062AACE /* FakeJSONLoader.swift */,
				78999B4F2799EED20062AACE /* FakeURLProtocol.swift */,
			);
			path = Fakes;
			sourceTree = "<group>";
		};
		78999B412799E0E40062AACE /* FakeData */ = {
			isa = PBXGroup;
			children = (
				78999B422799E1130062AACE /* FakePhotosData.json */,
				78999B512799EFCA0062AACE /* FakeFailureData.json */,
			);
			path = FakeData;
			sourceTree = "<group>";
		};
		78999B442799E96D0062AACE /* Photos */ = {
			isa = PBXGroup;
			children = (
				78999B3C2799D9B20062AACE /* PhotosViewModelTests.swift */,
				78999B1C279866B60062AACE /* UnsplashFetcherTests.swift */,
			);
			path = Photos;
			sourceTree = "<group>";
		};
		78999B452799EAD40062AACE /* Network */ = {
			isa = PBXGroup;
			children = (
				78999B462799EB160062AACE /* FakeNetworkService.swift */,
			);
			path = Network;
			sourceTree = "<group>";
		};
		78999B482799EB260062AACE /* Network */ = {
			isa = PBXGroup;
			children = (
				78999B4D2799EB610062AACE /* DataConvertable.swift */,
				78999B492799EB2D0062AACE /* Network.swift */,
				78999B4B2799EB460062AACE /* NetworkError.swift */,
			);
			path = Network;
			sourceTree = "<group>";
		};
/* End PBXGroup section */

/* Begin PBXNativeTarget section */
		78999B01279866B00062AACE /* UnsplashApp */ = {
			isa = PBXNativeTarget;
			buildConfigurationList = 78999B2C279866B60062AACE /* Build configuration list for PBXNativeTarget "UnsplashApp" */;
			buildPhases = (
				78999AFE279866B00062AACE /* Sources */,
				78999AFF279866B00062AACE /* Frameworks */,
				78999B00279866B00062AACE /* Resources */,
			);
			buildRules = (
			);
			dependencies = (
			);
			name = UnsplashApp;
			productName = UnsplashApp;
			productReference = 78999B02279866B00062AACE /* UnsplashApp.app */;
			productType = "com.apple.product-type.application";
		};
		78999B17279866B60062AACE /* UnsplashAppTests */ = {
			isa = PBXNativeTarget;
			buildConfigurationList = 78999B2F279866B60062AACE /* Build configuration list for PBXNativeTarget "UnsplashAppTests" */;
			buildPhases = (
				78999B14279866B60062AACE /* Sources */,
				78999B15279866B60062AACE /* Frameworks */,
				78999B16279866B60062AACE /* Resources */,
			);
			buildRules = (
			);
			dependencies = (
				78999B1A279866B60062AACE /* PBXTargetDependency */,
			);
			name = UnsplashAppTests;
			productName = UnsplashAppTests;
			productReference = 78999B18279866B60062AACE /* UnsplashAppTests.xctest */;
			productType = "com.apple.product-type.bundle.unit-test";
		};
		78999B21279866B60062AACE /* UnsplashAppUITests */ = {
			isa = PBXNativeTarget;
			buildConfigurationList = 78999B32279866B60062AACE /* Build configuration list for PBXNativeTarget "UnsplashAppUITests" */;
			buildPhases = (
				78999B1E279866B60062AACE /* Sources */,
				78999B1F279866B60062AACE /* Frameworks */,
				78999B20279866B60062AACE /* Resources */,
			);
			buildRules = (
			);
			dependencies = (
				78999B24279866B60062AACE /* PBXTargetDependency */,
			);
			name = UnsplashAppUITests;
			productName = UnsplashAppUITests;
			productReference = 78999B22279866B60062AACE /* UnsplashAppUITests.xctest */;
			productType = "com.apple.product-type.bundle.ui-testing";
		};
/* End PBXNativeTarget section */

/* Begin PBXProject section */
		78999AFA279866B00062AACE /* Project object */ = {
			isa = PBXProject;
			attributes = {
				BuildIndependentTargetsInParallel = 1;
				LastSwiftUpdateCheck = 1300;
				LastUpgradeCheck = 1300;
				TargetAttributes = {
					78999B01279866B00062AACE = {
						CreatedOnToolsVersion = 13.0;
					};
					78999B17279866B60062AACE = {
						CreatedOnToolsVersion = 13.0;
						TestTargetID = 78999B01279866B00062AACE;
					};
					78999B21279866B60062AACE = {
						CreatedOnToolsVersion = 13.0;
						TestTargetID = 78999B01279866B00062AACE;
					};
				};
			};
			buildConfigurationList = 78999AFD279866B00062AACE /* Build configuration list for PBXProject "UnsplashApp" */;
			compatibilityVersion = "Xcode 13.0";
			developmentRegion = en;
			hasScannedForEncodings = 0;
			knownRegions = (
				en,
				Base,
			);
			mainGroup = 78999AF9279866B00062AACE;
			productRefGroup = 78999B03279866B00062AACE /* Products */;
			projectDirPath = "";
			projectRoot = "";
			targets = (
				78999B01279866B00062AACE /* UnsplashApp */,
				78999B17279866B60062AACE /* UnsplashAppTests */,
				78999B21279866B60062AACE /* UnsplashAppUITests */,
			);
		};
/* End PBXProject section */

/* Begin PBXResourcesBuildPhase section */
		78999B00279866B00062AACE /* Resources */ = {
			isa = PBXResourcesBuildPhase;
			buildActionMask = 2147483647;
			files = (
				78999B12279866B50062AACE /* LaunchScreen.storyboard in Resources */,
				78999B0F279866B50062AACE /* Assets.xcassets in Resources */,
				78999B0D279866B00062AACE /* Main.storyboard in Resources */,
			);
			runOnlyForDeploymentPostprocessing = 0;
		};
		78999B16279866B60062AACE /* Resources */ = {
			isa = PBXResourcesBuildPhase;
			buildActionMask = 2147483647;
			files = (
				78999B522799EFCA0062AACE /* FakeFailureData.json in Resources */,
				78999B432799E1130062AACE /* FakePhotosData.json in Resources */,
			);
			runOnlyForDeploymentPostprocessing = 0;
		};
		78999B20279866B60062AACE /* Resources */ = {
			isa = PBXResourcesBuildPhase;
			buildActionMask = 2147483647;
			files = (
			);
			runOnlyForDeploymentPostprocessing = 0;
		};
/* End PBXResourcesBuildPhase section */

/* Begin PBXSourcesBuildPhase section */
		78999AFE279866B00062AACE /* Sources */ = {
			isa = PBXSourcesBuildPhase;
			buildActionMask = 2147483647;
			files = (
				78999B0A279866B00062AACE /* ViewController.swift in Sources */,
				78999B4C2799EB460062AACE /* NetworkError.swift in Sources */,
				78999B06279866B00062AACE /* AppDelegate.swift in Sources */,
				78999B4A2799EB2D0062AACE /* Network.swift in Sources */,
				78999B392798E0680062AACE /* PhotosViewModel.swift in Sources */,
				78999B08279866B00062AACE /* SceneDelegate.swift in Sources */,
				78999B37279869A10062AACE /* UnsplashFetcher.swift in Sources */,
				78999B4E2799EB610062AACE /* DataConvertable.swift in Sources */,
			);
			runOnlyForDeploymentPostprocessing = 0;
		};
		78999B14279866B60062AACE /* Sources */ = {
			isa = PBXSourcesBuildPhase;
			buildActionMask = 2147483647;
			files = (
				78999B1D279866B60062AACE /* UnsplashFetcherTests.swift in Sources */,
				78999B472799EB160062AACE /* FakeNetworkService.swift in Sources */,
				78999B502799EED20062AACE /* FakeURLProtocol.swift in Sources */,
				78999B3F2799E0690062AACE /* FakeJSONLoader.swift in Sources */,
				78999B3D2799D9B20062AACE /* PhotosViewModelTests.swift in Sources */,
			);
			runOnlyForDeploymentPostprocessing = 0;
		};
		78999B1E279866B60062AACE /* Sources */ = {
			isa = PBXSourcesBuildPhase;
			buildActionMask = 2147483647;
			files = (
				78999B29279866B60062AACE /* UnsplashAppUITestsLaunchTests.swift in Sources */,
				78999B27279866B60062AACE /* UnsplashAppUITests.swift in Sources */,
			);
			runOnlyForDeploymentPostprocessing = 0;
		};
/* End PBXSourcesBuildPhase section */

/* Begin PBXTargetDependency section */
		78999B1A279866B60062AACE /* PBXTargetDependency */ = {
			isa = PBXTargetDependency;
			target = 78999B01279866B00062AACE /* UnsplashApp */;
			targetProxy = 78999B19279866B60062AACE /* PBXContainerItemProxy */;
		};
		78999B24279866B60062AACE /* PBXTargetDependency */ = {
			isa = PBXTargetDependency;
			target = 78999B01279866B00062AACE /* UnsplashApp */;
			targetProxy = 78999B23279866B60062AACE /* PBXContainerItemProxy */;
		};
/* End PBXTargetDependency section */

/* Begin PBXVariantGroup section */
		78999B0B279866B00062AACE /* Main.storyboard */ = {
			isa = PBXVariantGroup;
			children = (
				78999B0C279866B00062AACE /* Base */,
			);
			name = Main.storyboard;
			sourceTree = "<group>";
		};
		78999B10279866B50062AACE /* LaunchScreen.storyboard */ = {
			isa = PBXVariantGroup;
			children = (
				78999B11279866B50062AACE /* Base */,
			);
			name = LaunchScreen.storyboard;
			sourceTree = "<group>";
		};
/* End PBXVariantGroup section */

/* Begin XCBuildConfiguration section */
		78999B2A279866B60062AACE /* Debug */ = {
			isa = XCBuildConfiguration;
			buildSettings = {
				ALWAYS_SEARCH_USER_PATHS = NO;
				CLANG_ANALYZER_NONNULL = YES;
				CLANG_ANALYZER_NUMBER_OBJECT_CONVERSION = YES_AGGRESSIVE;
				CLANG_CXX_LANGUAGE_STANDARD = "gnu++17";
				CLANG_CXX_LIBRARY = "libc++";
				CLANG_ENABLE_MODULES = YES;
				CLANG_ENABLE_OBJC_ARC = YES;
				CLANG_ENABLE_OBJC_WEAK = YES;
				CLANG_WARN_BLOCK_CAPTURE_AUTORELEASING = YES;
				CLANG_WARN_BOOL_CONVERSION = YES;
				CLANG_WARN_COMMA = YES;
				CLANG_WARN_CONSTANT_CONVERSION = YES;
				CLANG_WARN_DEPRECATED_OBJC_IMPLEMENTATIONS = YES;
				CLANG_WARN_DIRECT_OBJC_ISA_USAGE = YES_ERROR;
				CLANG_WARN_DOCUMENTATION_COMMENTS = YES;
				CLANG_WARN_EMPTY_BODY = YES;
				CLANG_WARN_ENUM_CONVERSION = YES;
				CLANG_WARN_INFINITE_RECURSION = YES;
				CLANG_WARN_INT_CONVERSION = YES;
				CLANG_WARN_NON_LITERAL_NULL_CONVERSION = YES;
				CLANG_WARN_OBJC_IMPLICIT_RETAIN_SELF = YES;
				CLANG_WARN_OBJC_LITERAL_CONVERSION = YES;
				CLANG_WARN_OBJC_ROOT_CLASS = YES_ERROR;
				CLANG_WARN_QUOTED_INCLUDE_IN_FRAMEWORK_HEADER = YES;
				CLANG_WARN_RANGE_LOOP_ANALYSIS = YES;
				CLANG_WARN_STRICT_PROTOTYPES = YES;
				CLANG_WARN_SUSPICIOUS_MOVE = YES;
				CLANG_WARN_UNGUARDED_AVAILABILITY = YES_AGGRESSIVE;
				CLANG_WARN_UNREACHABLE_CODE = YES;
				CLANG_WARN__DUPLICATE_METHOD_MATCH = YES;
				COPY_PHASE_STRIP = NO;
				DEBUG_INFORMATION_FORMAT = dwarf;
				ENABLE_STRICT_OBJC_MSGSEND = YES;
				ENABLE_TESTABILITY = YES;
				GCC_C_LANGUAGE_STANDARD = gnu11;
				GCC_DYNAMIC_NO_PIC = NO;
				GCC_NO_COMMON_BLOCKS = YES;
				GCC_OPTIMIZATION_LEVEL = 0;
				GCC_PREPROCESSOR_DEFINITIONS = (
					"DEBUG=1",
					"$(inherited)",
				);
				GCC_WARN_64_TO_32_BIT_CONVERSION = YES;
				GCC_WARN_ABOUT_RETURN_TYPE = YES_ERROR;
				GCC_WARN_UNDECLARED_SELECTOR = YES;
				GCC_WARN_UNINITIALIZED_AUTOS = YES_AGGRESSIVE;
				GCC_WARN_UNUSED_FUNCTION = YES;
				GCC_WARN_UNUSED_VARIABLE = YES;
				IPHONEOS_DEPLOYMENT_TARGET = 15.0;
				MTL_ENABLE_DEBUG_INFO = INCLUDE_SOURCE;
				MTL_FAST_MATH = YES;
				ONLY_ACTIVE_ARCH = YES;
				SDKROOT = iphoneos;
				SWIFT_ACTIVE_COMPILATION_CONDITIONS = DEBUG;
				SWIFT_OPTIMIZATION_LEVEL = "-Onone";
			};
			name = Debug;
		};
		78999B2B279866B60062AACE /* Release */ = {
			isa = XCBuildConfiguration;
			buildSettings = {
				ALWAYS_SEARCH_USER_PATHS = NO;
				CLANG_ANALYZER_NONNULL = YES;
				CLANG_ANALYZER_NUMBER_OBJECT_CONVERSION = YES_AGGRESSIVE;
				CLANG_CXX_LANGUAGE_STANDARD = "gnu++17";
				CLANG_CXX_LIBRARY = "libc++";
				CLANG_ENABLE_MODULES = YES;
				CLANG_ENABLE_OBJC_ARC = YES;
				CLANG_ENABLE_OBJC_WEAK = YES;
				CLANG_WARN_BLOCK_CAPTURE_AUTORELEASING = YES;
				CLANG_WARN_BOOL_CONVERSION = YES;
				CLANG_WARN_COMMA = YES;
				CLANG_WARN_CONSTANT_CONVERSION = YES;
				CLANG_WARN_DEPRECATED_OBJC_IMPLEMENTATIONS = YES;
				CLANG_WARN_DIRECT_OBJC_ISA_USAGE = YES_ERROR;
				CLANG_WARN_DOCUMENTATION_COMMENTS = YES;
				CLANG_WARN_EMPTY_BODY = YES;
				CLANG_WARN_ENUM_CONVERSION = YES;
				CLANG_WARN_INFINITE_RECURSION = YES;
				CLANG_WARN_INT_CONVERSION = YES;
				CLANG_WARN_NON_LITERAL_NULL_CONVERSION = YES;
				CLANG_WARN_OBJC_IMPLICIT_RETAIN_SELF = YES;
				CLANG_WARN_OBJC_LITERAL_CONVERSION = YES;
				CLANG_WARN_OBJC_ROOT_CLASS = YES_ERROR;
				CLANG_WARN_QUOTED_INCLUDE_IN_FRAMEWORK_HEADER = YES;
				CLANG_WARN_RANGE_LOOP_ANALYSIS = YES;
				CLANG_WARN_STRICT_PROTOTYPES = YES;
				CLANG_WARN_SUSPICIOUS_MOVE = YES;
				CLANG_WARN_UNGUARDED_AVAILABILITY = YES_AGGRESSIVE;
				CLANG_WARN_UNREACHABLE_CODE = YES;
				CLANG_WARN__DUPLICATE_METHOD_MATCH = YES;
				COPY_PHASE_STRIP = NO;
				DEBUG_INFORMATION_FORMAT = "dwarf-with-dsym";
				ENABLE_NS_ASSERTIONS = NO;
				ENABLE_STRICT_OBJC_MSGSEND = YES;
				GCC_C_LANGUAGE_STANDARD = gnu11;
				GCC_NO_COMMON_BLOCKS = YES;
				GCC_WARN_64_TO_32_BIT_CONVERSION = YES;
				GCC_WARN_ABOUT_RETURN_TYPE = YES_ERROR;
				GCC_WARN_UNDECLARED_SELECTOR = YES;
				GCC_WARN_UNINITIALIZED_AUTOS = YES_AGGRESSIVE;
				GCC_WARN_UNUSED_FUNCTION = YES;
				GCC_WARN_UNUSED_VARIABLE = YES;
				IPHONEOS_DEPLOYMENT_TARGET = 15.0;
				MTL_ENABLE_DEBUG_INFO = NO;
				MTL_FAST_MATH = YES;
				SDKROOT = iphoneos;
				SWIFT_COMPILATION_MODE = wholemodule;
				SWIFT_OPTIMIZATION_LEVEL = "-O";
				VALIDATE_PRODUCT = YES;
			};
			name = Release;
		};
		78999B2D279866B60062AACE /* Debug */ = {
			isa = XCBuildConfiguration;
			buildSettings = {
				ASSETCATALOG_COMPILER_APPICON_NAME = AppIcon;
				ASSETCATALOG_COMPILER_GLOBAL_ACCENT_COLOR_NAME = AccentColor;
				CODE_SIGN_STYLE = Automatic;
				CURRENT_PROJECT_VERSION = 1;
				DEVELOPMENT_TEAM = YUJ4C7S34Z;
				GENERATE_INFOPLIST_FILE = YES;
				INFOPLIST_FILE = UnsplashApp/Info.plist;
				INFOPLIST_KEY_UIApplicationSupportsIndirectInputEvents = YES;
				INFOPLIST_KEY_UILaunchStoryboardName = LaunchScreen;
				INFOPLIST_KEY_UIMainStoryboardFile = Main;
				INFOPLIST_KEY_UISupportedInterfaceOrientations_iPad = "UIInterfaceOrientationPortrait UIInterfaceOrientationPortraitUpsideDown UIInterfaceOrientationLandscapeLeft UIInterfaceOrientationLandscapeRight";
				INFOPLIST_KEY_UISupportedInterfaceOrientations_iPhone = "UIInterfaceOrientationPortrait UIInterfaceOrientationLandscapeLeft UIInterfaceOrientationLandscapeRight";
				LD_RUNPATH_SEARCH_PATHS = (
					"$(inherited)",
					"@executable_path/Frameworks",
				);
				MARKETING_VERSION = 1.0;
				PRODUCT_BUNDLE_IDENTIFIER = com.lovelejess.UnsplashApp;
				PRODUCT_NAME = "$(TARGET_NAME)";
				SWIFT_EMIT_LOC_STRINGS = YES;
				SWIFT_VERSION = 5.0;
				TARGETED_DEVICE_FAMILY = "1,2";
			};
			name = Debug;
		};
		78999B2E279866B60062AACE /* Release */ = {
			isa = XCBuildConfiguration;
			buildSettings = {
				ASSETCATALOG_COMPILER_APPICON_NAME = AppIcon;
				ASSETCATALOG_COMPILER_GLOBAL_ACCENT_COLOR_NAME = AccentColor;
				CODE_SIGN_STYLE = Automatic;
				CURRENT_PROJECT_VERSION = 1;
				DEVELOPMENT_TEAM = YUJ4C7S34Z;
				GENERATE_INFOPLIST_FILE = YES;
				INFOPLIST_FILE = UnsplashApp/Info.plist;
				INFOPLIST_KEY_UIApplicationSupportsIndirectInputEvents = YES;
				INFOPLIST_KEY_UILaunchStoryboardName = LaunchScreen;
				INFOPLIST_KEY_UIMainStoryboardFile = Main;
				INFOPLIST_KEY_UISupportedInterfaceOrientations_iPad = "UIInterfaceOrientationPortrait UIInterfaceOrientationPortraitUpsideDown UIInterfaceOrientationLandscapeLeft UIInterfaceOrientationLandscapeRight";
				INFOPLIST_KEY_UISupportedInterfaceOrientations_iPhone = "UIInterfaceOrientationPortrait UIInterfaceOrientationLandscapeLeft UIInterfaceOrientationLandscapeRight";
				LD_RUNPATH_SEARCH_PATHS = (
					"$(inherited)",
					"@executable_path/Frameworks",
				);
				MARKETING_VERSION = 1.0;
				PRODUCT_BUNDLE_IDENTIFIER = com.lovelejess.UnsplashApp;
				PRODUCT_NAME = "$(TARGET_NAME)";
				SWIFT_EMIT_LOC_STRINGS = YES;
				SWIFT_VERSION = 5.0;
				TARGETED_DEVICE_FAMILY = "1,2";
			};
			name = Release;
		};
		78999B30279866B60062AACE /* Debug */ = {
			isa = XCBuildConfiguration;
			buildSettings = {
				ALWAYS_EMBED_SWIFT_STANDARD_LIBRARIES = YES;
				BUNDLE_LOADER = "$(TEST_HOST)";
				CODE_SIGN_STYLE = Automatic;
				CURRENT_PROJECT_VERSION = 1;
				DEVELOPMENT_TEAM = YUJ4C7S34Z;
				GENERATE_INFOPLIST_FILE = YES;
				IPHONEOS_DEPLOYMENT_TARGET = 15.0;
				LD_RUNPATH_SEARCH_PATHS = (
					"$(inherited)",
					"@executable_path/Frameworks",
					"@loader_path/Frameworks",
				);
				MARKETING_VERSION = 1.0;
				PRODUCT_BUNDLE_IDENTIFIER = com.lovelejess.UnsplashAppTests;
				PRODUCT_NAME = "$(TARGET_NAME)";
				SWIFT_EMIT_LOC_STRINGS = NO;
				SWIFT_VERSION = 5.0;
				TARGETED_DEVICE_FAMILY = "1,2";
				TEST_HOST = "$(BUILT_PRODUCTS_DIR)/UnsplashApp.app/UnsplashApp";
			};
			name = Debug;
		};
		78999B31279866B60062AACE /* Release */ = {
			isa = XCBuildConfiguration;
			buildSettings = {
				ALWAYS_EMBED_SWIFT_STANDARD_LIBRARIES = YES;
				BUNDLE_LOADER = "$(TEST_HOST)";
				CODE_SIGN_STYLE = Automatic;
				CURRENT_PROJECT_VERSION = 1;
				DEVELOPMENT_TEAM = YUJ4C7S34Z;
				GENERATE_INFOPLIST_FILE = YES;
				IPHONEOS_DEPLOYMENT_TARGET = 15.0;
				LD_RUNPATH_SEARCH_PATHS = (
					"$(inherited)",
					"@executable_path/Frameworks",
					"@loader_path/Frameworks",
				);
				MARKETING_VERSION = 1.0;
				PRODUCT_BUNDLE_IDENTIFIER = com.lovelejess.UnsplashAppTests;
				PRODUCT_NAME = "$(TARGET_NAME)";
				SWIFT_EMIT_LOC_STRINGS = NO;
				SWIFT_VERSION = 5.0;
				TARGETED_DEVICE_FAMILY = "1,2";
				TEST_HOST = "$(BUILT_PRODUCTS_DIR)/UnsplashApp.app/UnsplashApp";
			};
			name = Release;
		};
		78999B33279866B60062AACE /* Debug */ = {
			isa = XCBuildConfiguration;
			buildSettings = {
				ALWAYS_EMBED_SWIFT_STANDARD_LIBRARIES = YES;
				CODE_SIGN_STYLE = Automatic;
				CURRENT_PROJECT_VERSION = 1;
				DEVELOPMENT_TEAM = YUJ4C7S34Z;
				GENERATE_INFOPLIST_FILE = YES;
				LD_RUNPATH_SEARCH_PATHS = (
					"$(inherited)",
					"@executable_path/Frameworks",
					"@loader_path/Frameworks",
				);
				MARKETING_VERSION = 1.0;
				PRODUCT_BUNDLE_IDENTIFIER = com.lovelejess.UnsplashAppUITests;
				PRODUCT_NAME = "$(TARGET_NAME)";
				SWIFT_EMIT_LOC_STRINGS = NO;
				SWIFT_VERSION = 5.0;
				TARGETED_DEVICE_FAMILY = "1,2";
				TEST_TARGET_NAME = UnsplashApp;
			};
			name = Debug;
		};
		78999B34279866B60062AACE /* Release */ = {
			isa = XCBuildConfiguration;
			buildSettings = {
				ALWAYS_EMBED_SWIFT_STANDARD_LIBRARIES = YES;
				CODE_SIGN_STYLE = Automatic;
				CURRENT_PROJECT_VERSION = 1;
				DEVELOPMENT_TEAM = YUJ4C7S34Z;
				GENERATE_INFOPLIST_FILE = YES;
				LD_RUNPATH_SEARCH_PATHS = (
					"$(inherited)",
					"@executable_path/Frameworks",
					"@loader_path/Frameworks",
				);
				MARKETING_VERSION = 1.0;
				PRODUCT_BUNDLE_IDENTIFIER = com.lovelejess.UnsplashAppUITests;
				PRODUCT_NAME = "$(TARGET_NAME)";
				SWIFT_EMIT_LOC_STRINGS = NO;
				SWIFT_VERSION = 5.0;
				TARGETED_DEVICE_FAMILY = "1,2";
				TEST_TARGET_NAME = UnsplashApp;
			};
			name = Release;
		};
/* End XCBuildConfiguration section */

/* Begin XCConfigurationList section */
		78999AFD279866B00062AACE /* Build configuration list for PBXProject "UnsplashApp" */ = {
			isa = XCConfigurationList;
			buildConfigurations = (
				78999B2A279866B60062AACE /* Debug */,
				78999B2B279866B60062AACE /* Release */,
			);
			defaultConfigurationIsVisible = 0;
			defaultConfigurationName = Release;
		};
		78999B2C279866B60062AACE /* Build configuration list for PBXNativeTarget "UnsplashApp" */ = {
			isa = XCConfigurationList;
			buildConfigurations = (
				78999B2D279866B60062AACE /* Debug */,
				78999B2E279866B60062AACE /* Release */,
			);
			defaultConfigurationIsVisible = 0;
			defaultConfigurationName = Release;
		};
		78999B2F279866B60062AACE /* Build configuration list for PBXNativeTarget "UnsplashAppTests" */ = {
			isa = XCConfigurationList;
			buildConfigurations = (
				78999B30279866B60062AACE /* Debug */,
				78999B31279866B60062AACE /* Release */,
			);
			defaultConfigurationIsVisible = 0;
			defaultConfigurationName = Release;
		};
		78999B32279866B60062AACE /* Build configuration list for PBXNativeTarget "UnsplashAppUITests" */ = {
			isa = XCConfigurationList;
			buildConfigurations = (
				78999B33279866B60062AACE /* Debug */,
				78999B34279866B60062AACE /* Release */,
			);
			defaultConfigurationIsVisible = 0;
			defaultConfigurationName = Release;
		};
/* End XCConfigurationList section */
	};
	rootObject = 78999AFA279866B00062AACE /* Project object */;
}
